PODS:
  - Apollo (0.16.1):
    - Apollo/Core (= 0.16.1)
  - Apollo/Core (0.16.1)
  - Apollo/SQLite (0.16.1):
    - Apollo/Core
    - SQLite.swift (= 0.12.2)
  - Apollo/WebSocket (0.16.1):
    - Apollo/Core
    - Starscream (= 3.1.0)
  - AttributedTextView (1.4.1)
  - NVActivityIndicatorView (4.8.0):
    - NVActivityIndicatorView/Presenter (= 4.8.0)
  - NVActivityIndicatorView/Presenter (4.8.0)
  - OneSignal (2.11.2)
  - SQLite.swift (0.12.2):
    - SQLite.swift/standard (= 0.12.2)
  - SQLite.swift/standard (0.12.2)
  - Starscream (3.1.0)

DEPENDENCIES:
  - Apollo
  - Apollo/SQLite
  - Apollo/WebSocket
  - AttributedTextView (~> 1.4.0)
  - NVActivityIndicatorView
  - OneSignal (< 3.0, >= 2.6.2)

SPEC REPOS:
  trunk:
    - Apollo
    - AttributedTextView
    - NVActivityIndicatorView
    - OneSignal
    - SQLite.swift
    - Starscream

SPEC CHECKSUMS:
  Apollo: 2b08fca48664d25e1dc8635f0ad128483ccba43b
  AttributedTextView: 9e01651d96c1af861a9c67c2cc3f94c30320d1c2
  NVActivityIndicatorView: d24b7ebcf80af5dcd994adb650e2b6c93379270f
  OneSignal: 4e3e68bb6c29975286a2fa910cb49132bc6e20bb
  SQLite.swift: d2b4642190917051ce6bd1d49aab565fe794eea3
  Starscream: 08172b481e145289c4930cb567230fb55897cfa4

PODFILE CHECKSUM: 21336ac222fb3f74695d0eaf1222b3de199ab60a

COCOAPODS: 1.8.4
