// !$*UTF8*$!
{
	archiveVersion = 1;
	classes = {
	};
	objectVersion = 51;
	objects = {

/* Begin PBXBuildFile section */
		140EEC5A4C16C22B295C417E /* Pods_iosconfsg2019.framework in Frameworks */ = {isa = PBXBuildFile; fileRef = A687F4C88F2DFEB4BEBBABFE /* Pods_iosconfsg2019.framework */; };
		24C8AC8D21EE2FD500829307 /* OneSignal-Info.plist in Resources */ = {isa = PBXBuildFile; fileRef = 24C8AC8C21EE2FD500829307 /* OneSignal-Info.plist */; };
		24C8AC9021EE306E00829307 /* Helpers.swift in Sources */ = {isa = PBXBuildFile; fileRef = 24C8AC8F21EE306E00829307 /* Helpers.swift */; };
		388E8DCB875D2A6E004A8B10 /* Pods_iosconfsgNotificationServiceExtension.framework in Frameworks */ = {isa = PBXBuildFile; fileRef = CFF5E427C2FCD371D1B7B538 /* Pods_iosconfsgNotificationServiceExtension.framework */; };
		5A02AC1423520AA900C3CC39 /* TimelineCellV2.swift in Sources */ = {isa = PBXBuildFile; fileRef = 5A02AC1323520AA900C3CC39 /* TimelineCellV2.swift */; };
		5A15A79321908C0E006EA97E /* UIViewExtensions.swift in Sources */ = {isa = PBXBuildFile; fileRef = 5A15A79221908C0E006EA97E /* UIViewExtensions.swift */; };
		5A15A79521912C25006EA97E /* UIFontExtensions.swift in Sources */ = {isa = PBXBuildFile; fileRef = 5A15A79421912C25006EA97E /* UIFontExtensions.swift */; };
		5A1AAFBA235DEFDA0030239C /* DetailGraphqlViewController.swift in Sources */ = {isa = PBXBuildFile; fileRef = 5A1AAFB9235DEFDA0030239C /* DetailGraphqlViewController.swift */; };
		5A287DD62333BF8600F20101 /* schema.json in Resources */ = {isa = PBXBuildFile; fileRef = 5A287DD52333BF8600F20101 /* schema.json */; };
		5A287DD92333C5F600F20101 /* api.graphql in Resources */ = {isa = PBXBuildFile; fileRef = 5A287DD82333C5F500F20101 /* api.graphql */; };
		5A287DDB2333C6AD00F20101 /* API.swift in Sources */ = {isa = PBXBuildFile; fileRef = 5A287DDA2333C6AD00F20101 /* API.swift */; };
		5A41848A21CE73E5007E1905 /* FeedbackViewModel.swift in Sources */ = {isa = PBXBuildFile; fileRef = 5A41848921CE73E5007E1905 /* FeedbackViewModel.swift */; };
		5A41848D21D110CA007E1905 /* WelcomeViewController.swift in Sources */ = {isa = PBXBuildFile; fileRef = 5A41848C21D110CA007E1905 /* WelcomeViewController.swift */; };
		5A61519923C0924800D5FE5C /* AnalyticsManager.swift in Sources */ = {isa = PBXBuildFile; fileRef = 5A61519823C0924800D5FE5C /* AnalyticsManager.swift */; };
		5A61519B23C0928E00D5FE5C /* PushNotificationManager.swift in Sources */ = {isa = PBXBuildFile; fileRef = 5A61519A23C0928E00D5FE5C /* PushNotificationManager.swift */; };
		5A61519E23C0A32600D5FE5C /* BaseViewController.swift in Sources */ = {isa = PBXBuildFile; fileRef = 5A61519D23C0A32600D5FE5C /* BaseViewController.swift */; };
		5A651DD021EB467700098B66 /* CustomAlertViewController.swift in Sources */ = {isa = PBXBuildFile; fileRef = 5A651DCF21EB467700098B66 /* CustomAlertViewController.swift */; };
		5A74201323535DBC00895C4E /* ScheduleGraphQLViewModel.swift in Sources */ = {isa = PBXBuildFile; fileRef = 5A74201223535DBC00895C4E /* ScheduleGraphQLViewModel.swift */; };
		5A7B2BDD2196865000D8FDC5 /* FeedbackViewController.swift in Sources */ = {isa = PBXBuildFile; fileRef = 5A7B2BDC2196865000D8FDC5 /* FeedbackViewController.swift */; };
		5A7B2BDF2196B5B200D8FDC5 /* UIButtonExtensions.swift in Sources */ = {isa = PBXBuildFile; fileRef = 5A7B2BDE2196B5B200D8FDC5 /* UIButtonExtensions.swift */; };
		5A7B2BE12196C24200D8FDC5 /* CustomTabBarController.swift in Sources */ = {isa = PBXBuildFile; fileRef = 5A7B2BE02196C24200D8FDC5 /* CustomTabBarController.swift */; };
		5A7B2BE32196C9D100D8FDC5 /* NewsViewController.swift in Sources */ = {isa = PBXBuildFile; fileRef = 5A7B2BE22196C9D100D8FDC5 /* NewsViewController.swift */; };
		5A7B2BE52196CA3000D8FDC5 /* AboutViewController.swift in Sources */ = {isa = PBXBuildFile; fileRef = 5A7B2BE42196CA3000D8FDC5 /* AboutViewController.swift */; };
		5A7C3E3121E1AA5700A49FE1 /* NotificationService.swift in Sources */ = {isa = PBXBuildFile; fileRef = 5A7C3E3021E1AA5700A49FE1 /* NotificationService.swift */; };
		5A7C3E3521E1AA5700A49FE1 /* iosconfsgNotificationServiceExtension.appex in Embed App Extensions */ = {isa = PBXBuildFile; fileRef = 5A7C3E2E21E1AA5700A49FE1 /* iosconfsgNotificationServiceExtension.appex */; settings = {ATTRIBUTES = (RemoveHeadersOnCopy, ); }; };
		5A7C3E4521E1EC9700A49FE1 /* Talk.swift in Sources */ = {isa = PBXBuildFile; fileRef = 5A7C3E4421E1EC9700A49FE1 /* Talk.swift */; };
		5A88951521E2DD2B0015BEFD /* DateExtensions.swift in Sources */ = {isa = PBXBuildFile; fileRef = 5A88951421E2DD2B0015BEFD /* DateExtensions.swift */; };
		5A9154132365BBE300A4AC04 /* WorkshopViewModel.swift in Sources */ = {isa = PBXBuildFile; fileRef = 5A9154122365BBE300A4AC04 /* WorkshopViewModel.swift */; };
		5ABCCA2721E5E1010058A076 /* Feedback.swift in Sources */ = {isa = PBXBuildFile; fileRef = 5ABCCA2621E5E1010058A076 /* Feedback.swift */; };
		5ABCCA2D21E623CF0058A076 /* UIImageViewExtensions.swift in Sources */ = {isa = PBXBuildFile; fileRef = 5ABCCA2C21E623CF0058A076 /* UIImageViewExtensions.swift */; };
		5ACB755521E89CFC00A21F97 /* WorkshopViewController.swift in Sources */ = {isa = PBXBuildFile; fileRef = 5ACB755421E89CFC00A21F97 /* WorkshopViewController.swift */; };
		5AFBF177218D6AA100FD2190 /* AppDelegate.swift in Sources */ = {isa = PBXBuildFile; fileRef = 5AFBF176218D6AA100FD2190 /* AppDelegate.swift */; };
		5AFBF17E218D6AA200FD2190 /* Assets.xcassets in Resources */ = {isa = PBXBuildFile; fileRef = 5AFBF17D218D6AA200FD2190 /* Assets.xcassets */; };
		5AFBF181218D6AA200FD2190 /* LaunchScreen.storyboard in Resources */ = {isa = PBXBuildFile; fileRef = 5AFBF17F218D6AA200FD2190 /* LaunchScreen.storyboard */; };
		5B515F5323C4633D00CBE57B /* GoogleService-Info.plist in Resources */ = {isa = PBXBuildFile; fileRef = 5B515F5223C4633D00CBE57B /* GoogleService-Info.plist */; };
		5B5DFC7A234F063D00024A13 /* ScheduleGraphqlViewController.swift in Sources */ = {isa = PBXBuildFile; fileRef = 5B5DFC79234F063D00024A13 /* ScheduleGraphqlViewController.swift */; };
		5B5DFC7C234F06E500024A13 /* ApolloManager.swift in Sources */ = {isa = PBXBuildFile; fileRef = 5B5DFC7B234F06E500024A13 /* ApolloManager.swift */; };
		B57452C623C0E7C8004CD8C3 /* StyleSheet.swift in Sources */ = {isa = PBXBuildFile; fileRef = B57452C523C0E7C8004CD8C3 /* StyleSheet.swift */; };
		D118B29723C180AB00C11A2D /* VenueTableViewCell.swift in Sources */ = {isa = PBXBuildFile; fileRef = D118B29623C180AB00C11A2D /* VenueTableViewCell.swift */; };
		D118B29923C1878F00C11A2D /* Venue.swift in Sources */ = {isa = PBXBuildFile; fileRef = D118B29823C1878F00C11A2D /* Venue.swift */; };
		D118B29B23C187C200C11A2D /* VenueViewModel.swift in Sources */ = {isa = PBXBuildFile; fileRef = D118B29A23C187C200C11A2D /* VenueViewModel.swift */; };
		D1D5A32723BE27D50070E787 /* VenueViewController.swift in Sources */ = {isa = PBXBuildFile; fileRef = D1D5A32623BE27D50070E787 /* VenueViewController.swift */; };
/* End PBXBuildFile section */

/* Begin PBXContainerItemProxy section */
		5A7C3E3321E1AA5700A49FE1 /* PBXContainerItemProxy */ = {
			isa = PBXContainerItemProxy;
			containerPortal = 5AFBF16B218D6AA000FD2190 /* Project object */;
			proxyType = 1;
			remoteGlobalIDString = 5A7C3E2D21E1AA5700A49FE1;
			remoteInfo = iosconfsgNotificationServiceExtension;
		};
/* End PBXContainerItemProxy section */

/* Begin PBXCopyFilesBuildPhase section */
		5A7C3E3921E1AA5700A49FE1 /* Embed App Extensions */ = {
			isa = PBXCopyFilesBuildPhase;
			buildActionMask = 2147483647;
			dstPath = "";
			dstSubfolderSpec = 13;
			files = (
				5A7C3E3521E1AA5700A49FE1 /* iosconfsgNotificationServiceExtension.appex in Embed App Extensions */,
			);
			name = "Embed App Extensions";
			runOnlyForDeploymentPostprocessing = 0;
		};
/* End PBXCopyFilesBuildPhase section */

/* Begin PBXFileReference section */
		24C8AC8C21EE2FD500829307 /* OneSignal-Info.plist */ = {isa = PBXFileReference; fileEncoding = 4; lastKnownFileType = text.plist.xml; name = "OneSignal-Info.plist"; path = "iosconfsg2019/OneSignal-Info.plist"; sourceTree = SOURCE_ROOT; };
		24C8AC8F21EE306E00829307 /* Helpers.swift */ = {isa = PBXFileReference; lastKnownFileType = sourcecode.swift; path = Helpers.swift; sourceTree = "<group>"; };
		5A02AC1323520AA900C3CC39 /* TimelineCellV2.swift */ = {isa = PBXFileReference; lastKnownFileType = sourcecode.swift; path = TimelineCellV2.swift; sourceTree = "<group>"; };
		5A15A79221908C0E006EA97E /* UIViewExtensions.swift */ = {isa = PBXFileReference; lastKnownFileType = sourcecode.swift; path = UIViewExtensions.swift; sourceTree = "<group>"; };
		5A15A79421912C25006EA97E /* UIFontExtensions.swift */ = {isa = PBXFileReference; lastKnownFileType = sourcecode.swift; path = UIFontExtensions.swift; sourceTree = "<group>"; };
		5A1AAFB9235DEFDA0030239C /* DetailGraphqlViewController.swift */ = {isa = PBXFileReference; lastKnownFileType = sourcecode.swift; path = DetailGraphqlViewController.swift; sourceTree = "<group>"; };
		5A287DD52333BF8600F20101 /* schema.json */ = {isa = PBXFileReference; fileEncoding = 4; lastKnownFileType = text.json; path = schema.json; sourceTree = "<group>"; };
		5A287DD82333C5F500F20101 /* api.graphql */ = {isa = PBXFileReference; lastKnownFileType = text; path = api.graphql; sourceTree = "<group>"; };
		5A287DDA2333C6AD00F20101 /* API.swift */ = {isa = PBXFileReference; fileEncoding = 4; lastKnownFileType = sourcecode.swift; path = API.swift; sourceTree = "<group>"; };
		5A41848921CE73E5007E1905 /* FeedbackViewModel.swift */ = {isa = PBXFileReference; lastKnownFileType = sourcecode.swift; path = FeedbackViewModel.swift; sourceTree = "<group>"; };
		5A41848C21D110CA007E1905 /* WelcomeViewController.swift */ = {isa = PBXFileReference; lastKnownFileType = sourcecode.swift; path = WelcomeViewController.swift; sourceTree = "<group>"; };
		5A61519823C0924800D5FE5C /* AnalyticsManager.swift */ = {isa = PBXFileReference; lastKnownFileType = sourcecode.swift; path = AnalyticsManager.swift; sourceTree = "<group>"; };
		5A61519A23C0928E00D5FE5C /* PushNotificationManager.swift */ = {isa = PBXFileReference; lastKnownFileType = sourcecode.swift; path = PushNotificationManager.swift; sourceTree = "<group>"; };
		5A61519D23C0A32600D5FE5C /* BaseViewController.swift */ = {isa = PBXFileReference; lastKnownFileType = sourcecode.swift; path = BaseViewController.swift; sourceTree = "<group>"; };
		5A651DCF21EB467700098B66 /* CustomAlertViewController.swift */ = {isa = PBXFileReference; lastKnownFileType = sourcecode.swift; path = CustomAlertViewController.swift; sourceTree = "<group>"; };
		5A74201223535DBC00895C4E /* ScheduleGraphQLViewModel.swift */ = {isa = PBXFileReference; lastKnownFileType = sourcecode.swift; path = ScheduleGraphQLViewModel.swift; sourceTree = "<group>"; };
		5A7B2BDC2196865000D8FDC5 /* FeedbackViewController.swift */ = {isa = PBXFileReference; lastKnownFileType = sourcecode.swift; path = FeedbackViewController.swift; sourceTree = "<group>"; };
		5A7B2BDE2196B5B200D8FDC5 /* UIButtonExtensions.swift */ = {isa = PBXFileReference; lastKnownFileType = sourcecode.swift; path = UIButtonExtensions.swift; sourceTree = "<group>"; };
		5A7B2BE02196C24200D8FDC5 /* CustomTabBarController.swift */ = {isa = PBXFileReference; lastKnownFileType = sourcecode.swift; path = CustomTabBarController.swift; sourceTree = "<group>"; };
		5A7B2BE22196C9D100D8FDC5 /* NewsViewController.swift */ = {isa = PBXFileReference; lastKnownFileType = sourcecode.swift; path = NewsViewController.swift; sourceTree = "<group>"; };
		5A7B2BE42196CA3000D8FDC5 /* AboutViewController.swift */ = {isa = PBXFileReference; lastKnownFileType = sourcecode.swift; path = AboutViewController.swift; sourceTree = "<group>"; };
		5A7C3E2E21E1AA5700A49FE1 /* iosconfsgNotificationServiceExtension.appex */ = {isa = PBXFileReference; explicitFileType = "wrapper.app-extension"; includeInIndex = 0; path = iosconfsgNotificationServiceExtension.appex; sourceTree = BUILT_PRODUCTS_DIR; };
		5A7C3E3021E1AA5700A49FE1 /* NotificationService.swift */ = {isa = PBXFileReference; lastKnownFileType = sourcecode.swift; path = NotificationService.swift; sourceTree = "<group>"; };
		5A7C3E3221E1AA5700A49FE1 /* Info.plist */ = {isa = PBXFileReference; lastKnownFileType = text.plist.xml; path = Info.plist; sourceTree = "<group>"; };
		5A7C3E3B21E1AB2100A49FE1 /* iosconfsgNotificationServiceExtension.entitlements */ = {isa = PBXFileReference; lastKnownFileType = text.plist.entitlements; path = iosconfsgNotificationServiceExtension.entitlements; sourceTree = "<group>"; };
		5A7C3E3C21E1AB3200A49FE1 /* iosconfsg2019.entitlements */ = {isa = PBXFileReference; lastKnownFileType = text.plist.entitlements; path = iosconfsg2019.entitlements; sourceTree = "<group>"; };
		5A7C3E4421E1EC9700A49FE1 /* Talk.swift */ = {isa = PBXFileReference; lastKnownFileType = sourcecode.swift; path = Talk.swift; sourceTree = "<group>"; };
		5A88951421E2DD2B0015BEFD /* DateExtensions.swift */ = {isa = PBXFileReference; lastKnownFileType = sourcecode.swift; path = DateExtensions.swift; sourceTree = "<group>"; };
		5A9154122365BBE300A4AC04 /* WorkshopViewModel.swift */ = {isa = PBXFileReference; lastKnownFileType = sourcecode.swift; path = WorkshopViewModel.swift; sourceTree = "<group>"; };
		5ABCCA2621E5E1010058A076 /* Feedback.swift */ = {isa = PBXFileReference; lastKnownFileType = sourcecode.swift; path = Feedback.swift; sourceTree = "<group>"; };
		5ABCCA2C21E623CF0058A076 /* UIImageViewExtensions.swift */ = {isa = PBXFileReference; lastKnownFileType = sourcecode.swift; path = UIImageViewExtensions.swift; sourceTree = "<group>"; };
		5ACB755421E89CFC00A21F97 /* WorkshopViewController.swift */ = {isa = PBXFileReference; lastKnownFileType = sourcecode.swift; path = WorkshopViewController.swift; sourceTree = "<group>"; };
		5AFBF173218D6AA000FD2190 /* iosconfsg2019.app */ = {isa = PBXFileReference; explicitFileType = wrapper.application; includeInIndex = 0; path = iosconfsg2019.app; sourceTree = BUILT_PRODUCTS_DIR; };
		5AFBF176218D6AA100FD2190 /* AppDelegate.swift */ = {isa = PBXFileReference; lastKnownFileType = sourcecode.swift; path = AppDelegate.swift; sourceTree = "<group>"; };
		5AFBF17D218D6AA200FD2190 /* Assets.xcassets */ = {isa = PBXFileReference; lastKnownFileType = folder.assetcatalog; path = Assets.xcassets; sourceTree = "<group>"; };
		5AFBF180218D6AA200FD2190 /* Base */ = {isa = PBXFileReference; lastKnownFileType = file.storyboard; name = Base; path = Base.lproj/LaunchScreen.storyboard; sourceTree = "<group>"; };
		5AFBF182218D6AA200FD2190 /* Info.plist */ = {isa = PBXFileReference; lastKnownFileType = text.plist.xml; path = Info.plist; sourceTree = "<group>"; };
		5B515F5223C4633D00CBE57B /* GoogleService-Info.plist */ = {isa = PBXFileReference; fileEncoding = 4; lastKnownFileType = text.plist.xml; name = "GoogleService-Info.plist"; path = "../../../Downloads/GoogleService-Info.plist"; sourceTree = "<group>"; };
		5B5DFC79234F063D00024A13 /* ScheduleGraphqlViewController.swift */ = {isa = PBXFileReference; lastKnownFileType = sourcecode.swift; path = ScheduleGraphqlViewController.swift; sourceTree = "<group>"; };
		5B5DFC7B234F06E500024A13 /* ApolloManager.swift */ = {isa = PBXFileReference; lastKnownFileType = sourcecode.swift; path = ApolloManager.swift; sourceTree = "<group>"; };
		7D04ACA7C1D48B4D9EA2501C /* Pods-iosconfsgNotificationServiceExtension.release.xcconfig */ = {isa = PBXFileReference; includeInIndex = 1; lastKnownFileType = text.xcconfig; name = "Pods-iosconfsgNotificationServiceExtension.release.xcconfig"; path = "Target Support Files/Pods-iosconfsgNotificationServiceExtension/Pods-iosconfsgNotificationServiceExtension.release.xcconfig"; sourceTree = "<group>"; };
		A687F4C88F2DFEB4BEBBABFE /* Pods_iosconfsg2019.framework */ = {isa = PBXFileReference; explicitFileType = wrapper.framework; includeInIndex = 0; path = Pods_iosconfsg2019.framework; sourceTree = BUILT_PRODUCTS_DIR; };
		AACE8BB2373B58FD4B9CCD75 /* Pods-iosconfsg2019.release.xcconfig */ = {isa = PBXFileReference; includeInIndex = 1; lastKnownFileType = text.xcconfig; name = "Pods-iosconfsg2019.release.xcconfig"; path = "Target Support Files/Pods-iosconfsg2019/Pods-iosconfsg2019.release.xcconfig"; sourceTree = "<group>"; };
		B57452C523C0E7C8004CD8C3 /* StyleSheet.swift */ = {isa = PBXFileReference; fileEncoding = 4; lastKnownFileType = sourcecode.swift; path = StyleSheet.swift; sourceTree = "<group>"; };
		C4D864E03AF46983527B718A /* Pods-iosconfsg2019.debug.xcconfig */ = {isa = PBXFileReference; includeInIndex = 1; lastKnownFileType = text.xcconfig; name = "Pods-iosconfsg2019.debug.xcconfig"; path = "Target Support Files/Pods-iosconfsg2019/Pods-iosconfsg2019.debug.xcconfig"; sourceTree = "<group>"; };
		CFF5E427C2FCD371D1B7B538 /* Pods_iosconfsgNotificationServiceExtension.framework */ = {isa = PBXFileReference; explicitFileType = wrapper.framework; includeInIndex = 0; path = Pods_iosconfsgNotificationServiceExtension.framework; sourceTree = BUILT_PRODUCTS_DIR; };
		DE9E30AFD0FC6339E6284F73 /* Pods-iosconfsgNotificationServiceExtension.debug.xcconfig */ = {isa = PBXFileReference; includeInIndex = 1; lastKnownFileType = text.xcconfig; name = "Pods-iosconfsgNotificationServiceExtension.debug.xcconfig"; path = "Target Support Files/Pods-iosconfsgNotificationServiceExtension/Pods-iosconfsgNotificationServiceExtension.debug.xcconfig"; sourceTree = "<group>"; };
		68873BE0557401F7C443144E /* Pods-iosconfsgNotificationServiceExtension.debug.xcconfig */ = {isa = PBXFileReference; includeInIndex = 1; lastKnownFileType = text.xcconfig; name = "Pods-iosconfsgNotificationServiceExtension.debug.xcconfig"; path = "Target Support Files/Pods-iosconfsgNotificationServiceExtension/Pods-iosconfsgNotificationServiceExtension.debug.xcconfig"; sourceTree = "<group>"; };
		6B361B75EE0BE0A8A309591C /* Pods_iosconfsg2019.framework */ = {isa = PBXFileReference; explicitFileType = wrapper.framework; includeInIndex = 0; path = Pods_iosconfsg2019.framework; sourceTree = BUILT_PRODUCTS_DIR; };
		A8C20C45F00A52025B268BA8 /* Pods-iosconfsg2019.release.xcconfig */ = {isa = PBXFileReference; includeInIndex = 1; lastKnownFileType = text.xcconfig; name = "Pods-iosconfsg2019.release.xcconfig"; path = "Target Support Files/Pods-iosconfsg2019/Pods-iosconfsg2019.release.xcconfig"; sourceTree = "<group>"; };
		D118B29623C180AB00C11A2D /* VenueTableViewCell.swift */ = {isa = PBXFileReference; lastKnownFileType = sourcecode.swift; path = VenueTableViewCell.swift; sourceTree = "<group>"; };
		D118B29823C1878F00C11A2D /* Venue.swift */ = {isa = PBXFileReference; lastKnownFileType = sourcecode.swift; path = Venue.swift; sourceTree = "<group>"; };
		D118B29A23C187C200C11A2D /* VenueViewModel.swift */ = {isa = PBXFileReference; lastKnownFileType = sourcecode.swift; path = VenueViewModel.swift; sourceTree = "<group>"; };
		D1D5A32623BE27D50070E787 /* VenueViewController.swift */ = {isa = PBXFileReference; lastKnownFileType = sourcecode.swift; path = VenueViewController.swift; sourceTree = "<group>"; };
/* End PBXFileReference section */

/* Begin PBXFrameworksBuildPhase section */
		5A7C3E2B21E1AA5700A49FE1 /* Frameworks */ = {
			isa = PBXFrameworksBuildPhase;
			buildActionMask = 2147483647;
			files = (
				388E8DCB875D2A6E004A8B10 /* Pods_iosconfsgNotificationServiceExtension.framework in Frameworks */,
			);
			runOnlyForDeploymentPostprocessing = 0;
		};
		5AFBF170218D6AA000FD2190 /* Frameworks */ = {
			isa = PBXFrameworksBuildPhase;
			buildActionMask = 2147483647;
			files = (
				140EEC5A4C16C22B295C417E /* Pods_iosconfsg2019.framework in Frameworks */,
			);
			runOnlyForDeploymentPostprocessing = 0;
		};
/* End PBXFrameworksBuildPhase section */

/* Begin PBXGroup section */
		24C8AC8E21EE305D00829307 /* Helpers */ = {
			isa = PBXGroup;
			children = (
				B57452C523C0E7C8004CD8C3 /* StyleSheet.swift */,
				24C8AC8F21EE306E00829307 /* Helpers.swift */,
				5B5DFC7B234F06E500024A13 /* ApolloManager.swift */,
			);
			path = Helpers;
			sourceTree = "<group>";
		};
		31C3D23D7649EB9DF09DBFE0 /* Frameworks */ = {
			isa = PBXGroup;
			children = (
				A687F4C88F2DFEB4BEBBABFE /* Pods_iosconfsg2019.framework */,
				CFF5E427C2FCD371D1B7B538 /* Pods_iosconfsgNotificationServiceExtension.framework */,
			);
			name = Frameworks;
			sourceTree = "<group>";
		};
		5A262BA621AC165A008BC34F /* Schedule Tab */ = {
			isa = PBXGroup;
			children = (
				5A7B2BDC2196865000D8FDC5 /* FeedbackViewController.swift */,
				5A41848921CE73E5007E1905 /* FeedbackViewModel.swift */,
				5B5DFC79234F063D00024A13 /* ScheduleGraphqlViewController.swift */,
				5A02AC1323520AA900C3CC39 /* TimelineCellV2.swift */,
				5A74201223535DBC00895C4E /* ScheduleGraphQLViewModel.swift */,
				5A1AAFB9235DEFDA0030239C /* DetailGraphqlViewController.swift */,
			);
			path = "Schedule Tab";
			sourceTree = "<group>";
		};
		5A262BA721AC1682008BC34F /* Extensions */ = {
			isa = PBXGroup;
			children = (
				5A7B2BDE2196B5B200D8FDC5 /* UIButtonExtensions.swift */,
				5A15A79421912C25006EA97E /* UIFontExtensions.swift */,
				5A15A79221908C0E006EA97E /* UIViewExtensions.swift */,
				5A88951421E2DD2B0015BEFD /* DateExtensions.swift */,
				5ABCCA2C21E623CF0058A076 /* UIImageViewExtensions.swift */,
			);
			path = Extensions;
			sourceTree = "<group>";
		};
		5A262BA821AC16AC008BC34F /* News Tab */ = {
			isa = PBXGroup;
			children = (
				5A7B2BE22196C9D100D8FDC5 /* NewsViewController.swift */,
			);
			path = "News Tab";
			sourceTree = "<group>";
		};
		5A262BA921AC16BD008BC34F /* About Tab */ = {
			isa = PBXGroup;
			children = (
				5A7B2BE42196CA3000D8FDC5 /* AboutViewController.swift */,
				D1D5A32623BE27D50070E787 /* VenueViewController.swift */,
				D118B29A23C187C200C11A2D /* VenueViewModel.swift */,
				D118B29623C180AB00C11A2D /* VenueTableViewCell.swift */,
				D118B29823C1878F00C11A2D /* Venue.swift */,
			);
			path = "About Tab";
			sourceTree = "<group>";
		};
		5A41848B21D110BB007E1905 /* Setup */ = {
			isa = PBXGroup;
			children = (
				5A41848C21D110CA007E1905 /* WelcomeViewController.swift */,
				5A7B2BE02196C24200D8FDC5 /* CustomTabBarController.swift */,
				5A651DCF21EB467700098B66 /* CustomAlertViewController.swift */,
			);
			path = Setup;
			sourceTree = "<group>";
		};
		5A61519723C0923800D5FE5C /* Startup Services */ = {
			isa = PBXGroup;
			children = (
				5A61519823C0924800D5FE5C /* AnalyticsManager.swift */,
				5A61519A23C0928E00D5FE5C /* PushNotificationManager.swift */,
			);
			path = "Startup Services";
			sourceTree = "<group>";
		};
		5A61519C23C0A30E00D5FE5C /* UI Components */ = {
			isa = PBXGroup;
			children = (
				5A61519D23C0A32600D5FE5C /* BaseViewController.swift */,
			);
			path = "UI Components";
			sourceTree = "<group>";
		};
		5A7C3E2F21E1AA5700A49FE1 /* iosconfsgNotificationServiceExtension */ = {
			isa = PBXGroup;
			children = (
				5A7C3E3B21E1AB2100A49FE1 /* iosconfsgNotificationServiceExtension.entitlements */,
				5A7C3E3021E1AA5700A49FE1 /* NotificationService.swift */,
				5A7C3E3221E1AA5700A49FE1 /* Info.plist */,
			);
			path = iosconfsgNotificationServiceExtension;
			sourceTree = "<group>";
		};
		5A7C3E4321E1EC8A00A49FE1 /* Models */ = {
			isa = PBXGroup;
			children = (
				5A7C3E4421E1EC9700A49FE1 /* Talk.swift */,
				5ABCCA2621E5E1010058A076 /* Feedback.swift */,
			);
			path = Models;
			sourceTree = "<group>";
		};
		5ACB755321E89CE400A21F97 /* Workshop Tab */ = {
			isa = PBXGroup;
			children = (
				5ACB755421E89CFC00A21F97 /* WorkshopViewController.swift */,
				5A9154122365BBE300A4AC04 /* WorkshopViewModel.swift */,
			);
			path = "Workshop Tab";
			sourceTree = "<group>";
		};
		5AFBF16A218D6AA000FD2190 = {
			isa = PBXGroup;
			children = (
				5AFBF175218D6AA000FD2190 /* iosconfsg2019 */,
				5A7C3E2F21E1AA5700A49FE1 /* iosconfsgNotificationServiceExtension */,
				5AFBF174218D6AA000FD2190 /* Products */,
				AE0B204DE0F126D371F9F527 /* Pods */,
				31C3D23D7649EB9DF09DBFE0 /* Frameworks */,
			);
			sourceTree = "<group>";
		};
		5AFBF174218D6AA000FD2190 /* Products */ = {
			isa = PBXGroup;
			children = (
				5AFBF173218D6AA000FD2190 /* iosconfsg2019.app */,
				5A7C3E2E21E1AA5700A49FE1 /* iosconfsgNotificationServiceExtension.appex */,
			);
			name = Products;
			sourceTree = "<group>";
		};
		5AFBF175218D6AA000FD2190 /* iosconfsg2019 */ = {
			isa = PBXGroup;
			children = (
				5A61519C23C0A30E00D5FE5C /* UI Components */,
				5A61519723C0923800D5FE5C /* Startup Services */,
				5A7C3E4321E1EC8A00A49FE1 /* Models */,
				5A41848B21D110BB007E1905 /* Setup */,
				5A262BA621AC165A008BC34F /* Schedule Tab */,
				5ACB755321E89CE400A21F97 /* Workshop Tab */,
				5A262BA821AC16AC008BC34F /* News Tab */,
				5A262BA921AC16BD008BC34F /* About Tab */,
				5A262BA721AC1682008BC34F /* Extensions */,
				24C8AC8E21EE305D00829307 /* Helpers */,
				5AFBF176218D6AA100FD2190 /* AppDelegate.swift */,
				5B515F5223C4633D00CBE57B /* GoogleService-Info.plist */,
				24C8AC8C21EE2FD500829307 /* OneSignal-Info.plist */,
				5A7C3E3C21E1AB3200A49FE1 /* iosconfsg2019.entitlements */,
				5AFBF17D218D6AA200FD2190 /* Assets.xcassets */,
				5AFBF17F218D6AA200FD2190 /* LaunchScreen.storyboard */,
				5AFBF182218D6AA200FD2190 /* Info.plist */,
				5A287DD52333BF8600F20101 /* schema.json */,
				5A287DD82333C5F500F20101 /* api.graphql */,
				5A287DDA2333C6AD00F20101 /* API.swift */,
			);
			path = iosconfsg2019;
			sourceTree = "<group>";
		};
		AE0B204DE0F126D371F9F527 /* Pods */ = {
			isa = PBXGroup;
			children = (
				C4D864E03AF46983527B718A /* Pods-iosconfsg2019.debug.xcconfig */,
				AACE8BB2373B58FD4B9CCD75 /* Pods-iosconfsg2019.release.xcconfig */,
				DE9E30AFD0FC6339E6284F73 /* Pods-iosconfsgNotificationServiceExtension.debug.xcconfig */,
				7D04ACA7C1D48B4D9EA2501C /* Pods-iosconfsgNotificationServiceExtension.release.xcconfig */,
			);
			path = Pods;
			sourceTree = "<group>";
		};
/* End PBXGroup section */

/* Begin PBXNativeTarget section */
		5A7C3E2D21E1AA5700A49FE1 /* iosconfsgNotificationServiceExtension */ = {
			isa = PBXNativeTarget;
			buildConfigurationList = 5A7C3E3821E1AA5700A49FE1 /* Build configuration list for PBXNativeTarget "iosconfsgNotificationServiceExtension" */;
			buildPhases = (
				A59B9329F36244FECEDC791B /* [CP] Check Pods Manifest.lock */,
				5A7C3E2A21E1AA5700A49FE1 /* Sources */,
				5A7C3E2B21E1AA5700A49FE1 /* Frameworks */,
				5A7C3E2C21E1AA5700A49FE1 /* Resources */,
			);
			buildRules = (
			);
			dependencies = (
			);
			name = iosconfsgNotificationServiceExtension;
			productName = iosconfsgNotificationServiceExtension;
			productReference = 5A7C3E2E21E1AA5700A49FE1 /* iosconfsgNotificationServiceExtension.appex */;
			productType = "com.apple.product-type.app-extension";
		};
		5AFBF172218D6AA000FD2190 /* iosconfsg2019 */ = {
			isa = PBXNativeTarget;
			buildConfigurationList = 5AFBF185218D6AA200FD2190 /* Build configuration list for PBXNativeTarget "iosconfsg2019" */;
			buildPhases = (
				423A3963C1DFA6E08362B9C9 /* [CP] Check Pods Manifest.lock */,
				5A287DD72333C1CB00F20101 /* Generate Apollo GraphQL API */,
				5AFBF16F218D6AA000FD2190 /* Sources */,
				5AFBF170218D6AA000FD2190 /* Frameworks */,
				5AFBF171218D6AA000FD2190 /* Resources */,
				5A7C3E3921E1AA5700A49FE1 /* Embed App Extensions */,
				DDAE4EA4F8D088513C4AD876 /* [CP] Embed Pods Frameworks */,
			);
			buildRules = (
			);
			dependencies = (
				5A7C3E3421E1AA5700A49FE1 /* PBXTargetDependency */,
			);
			name = iosconfsg2019;
			productName = iosconfsg2019;
			productReference = 5AFBF173218D6AA000FD2190 /* iosconfsg2019.app */;
			productType = "com.apple.product-type.application";
		};
/* End PBXNativeTarget section */

/* Begin PBXProject section */
		5AFBF16B218D6AA000FD2190 /* Project object */ = {
			isa = PBXProject;
			attributes = {
				LastSwiftUpdateCheck = 1000;
				LastUpgradeCheck = 1000;
				ORGANIZATIONNAME = "Vina Melody";
				TargetAttributes = {
					5A7C3E2D21E1AA5700A49FE1 = {
						CreatedOnToolsVersion = 10.0;
						LastSwiftMigration = 1030;
						SystemCapabilities = {
							com.apple.Push = {
								enabled = 1;
							};
						};
					};
					5AFBF172218D6AA000FD2190 = {
						CreatedOnToolsVersion = 10.0;
						LastSwiftMigration = 1030;
						SystemCapabilities = {
							com.apple.BackgroundModes = {
								enabled = 1;
							};
							com.apple.Push = {
								enabled = 1;
							};
						};
					};
				};
			};
			buildConfigurationList = 5AFBF16E218D6AA000FD2190 /* Build configuration list for PBXProject "iosconfsg2019" */;
			compatibilityVersion = "Xcode 9.3";
			developmentRegion = en;
			hasScannedForEncodings = 0;
			knownRegions = (
				en,
				Base,
			);
			mainGroup = 5AFBF16A218D6AA000FD2190;
			productRefGroup = 5AFBF174218D6AA000FD2190 /* Products */;
			projectDirPath = "";
			projectRoot = "";
			targets = (
				5AFBF172218D6AA000FD2190 /* iosconfsg2019 */,
				5A7C3E2D21E1AA5700A49FE1 /* iosconfsgNotificationServiceExtension */,
			);
		};
/* End PBXProject section */

/* Begin PBXResourcesBuildPhase section */
		5A7C3E2C21E1AA5700A49FE1 /* Resources */ = {
			isa = PBXResourcesBuildPhase;
			buildActionMask = 2147483647;
			files = (
			);
			runOnlyForDeploymentPostprocessing = 0;
		};
		5AFBF171218D6AA000FD2190 /* Resources */ = {
			isa = PBXResourcesBuildPhase;
			buildActionMask = 2147483647;
			files = (
				5A287DD92333C5F600F20101 /* api.graphql in Resources */,
				5AFBF181218D6AA200FD2190 /* LaunchScreen.storyboard in Resources */,
				5A287DD62333BF8600F20101 /* schema.json in Resources */,
				5AFBF17E218D6AA200FD2190 /* Assets.xcassets in Resources */,
				24C8AC8D21EE2FD500829307 /* OneSignal-Info.plist in Resources */,
				5B515F5323C4633D00CBE57B /* GoogleService-Info.plist in Resources */,
			);
			runOnlyForDeploymentPostprocessing = 0;
		};
/* End PBXResourcesBuildPhase section */

/* Begin PBXShellScriptBuildPhase section */
		423A3963C1DFA6E08362B9C9 /* [CP] Check Pods Manifest.lock */ = {
			isa = PBXShellScriptBuildPhase;
			buildActionMask = 2147483647;
			files = (
			);
			inputFileListPaths = (
			);
			inputPaths = (
				"${PODS_PODFILE_DIR_PATH}/Podfile.lock",
				"${PODS_ROOT}/Manifest.lock",
			);
			name = "[CP] Check Pods Manifest.lock";
			outputFileListPaths = (
			);
			outputPaths = (
				"$(DERIVED_FILE_DIR)/Pods-iosconfsg2019-checkManifestLockResult.txt",
			);
			runOnlyForDeploymentPostprocessing = 0;
			shellPath = /bin/sh;
			shellScript = "diff \"${PODS_PODFILE_DIR_PATH}/Podfile.lock\" \"${PODS_ROOT}/Manifest.lock\" > /dev/null\nif [ $? != 0 ] ; then\n    # print error to STDERR\n    echo \"error: The sandbox is not in sync with the Podfile.lock. Run 'pod install' or update your CocoaPods installation.\" >&2\n    exit 1\nfi\n# This output is used by Xcode 'outputs' to avoid re-running this script phase.\necho \"SUCCESS\" > \"${SCRIPT_OUTPUT_FILE_0}\"\n";
			showEnvVarsInLog = 0;
		};
		5A287DD72333C1CB00F20101 /* Generate Apollo GraphQL API */ = {
			isa = PBXShellScriptBuildPhase;
			buildActionMask = 2147483647;
			files = (
			);
			inputFileListPaths = (
			);
			inputPaths = (
			);
			name = "Generate Apollo GraphQL API";
			outputFileListPaths = (
			);
			outputPaths = (
			);
			runOnlyForDeploymentPostprocessing = 0;
			shellPath = /bin/sh;
			shellScript = "SCRIPT_PATH=\"${PODS_ROOT}/Apollo/scripts\"\n#\"${SCRIPT_PATH}\"/run-bundled-codegen.sh schema:download --endpoint=\"https://iosconfsg.herokuapp.com/v1/graphql\"\ncd \"${SRCROOT}/${TARGET_NAME}\"\n\"${SCRIPT_PATH}\"/run-bundled-codegen.sh codegen:generate --target=swift --includes=./**/*.graphql --localSchemaFile=\"schema.json\" API.swift\n";
		};
		A59B9329F36244FECEDC791B /* [CP] Check Pods Manifest.lock */ = {
			isa = PBXShellScriptBuildPhase;
			buildActionMask = 2147483647;
			files = (
			);
			inputFileListPaths = (
			);
			inputPaths = (
				"${PODS_PODFILE_DIR_PATH}/Podfile.lock",
				"${PODS_ROOT}/Manifest.lock",
			);
			name = "[CP] Check Pods Manifest.lock";
			outputFileListPaths = (
			);
			outputPaths = (
				"$(DERIVED_FILE_DIR)/Pods-iosconfsgNotificationServiceExtension-checkManifestLockResult.txt",
			);
			runOnlyForDeploymentPostprocessing = 0;
			shellPath = /bin/sh;
			shellScript = "diff \"${PODS_PODFILE_DIR_PATH}/Podfile.lock\" \"${PODS_ROOT}/Manifest.lock\" > /dev/null\nif [ $? != 0 ] ; then\n    # print error to STDERR\n    echo \"error: The sandbox is not in sync with the Podfile.lock. Run 'pod install' or update your CocoaPods installation.\" >&2\n    exit 1\nfi\n# This output is used by Xcode 'outputs' to avoid re-running this script phase.\necho \"SUCCESS\" > \"${SCRIPT_OUTPUT_FILE_0}\"\n";
			showEnvVarsInLog = 0;
		};
		DDAE4EA4F8D088513C4AD876 /* [CP] Embed Pods Frameworks */ = {
			isa = PBXShellScriptBuildPhase;
			buildActionMask = 2147483647;
			files = (
			);
			inputFileListPaths = (
				"${PODS_ROOT}/Target Support Files/Pods-iosconfsg2019/Pods-iosconfsg2019-frameworks-${CONFIGURATION}-input-files.xcfilelist",
			);
			name = "[CP] Embed Pods Frameworks";
			outputFileListPaths = (
				"${PODS_ROOT}/Target Support Files/Pods-iosconfsg2019/Pods-iosconfsg2019-frameworks-${CONFIGURATION}-output-files.xcfilelist",
			);
			runOnlyForDeploymentPostprocessing = 0;
			shellPath = /bin/sh;
			shellScript = "\"${PODS_ROOT}/Target Support Files/Pods-iosconfsg2019/Pods-iosconfsg2019-frameworks.sh\"\n";
			showEnvVarsInLog = 0;
		};
/* End PBXShellScriptBuildPhase section */

/* Begin PBXSourcesBuildPhase section */
		5A7C3E2A21E1AA5700A49FE1 /* Sources */ = {
			isa = PBXSourcesBuildPhase;
			buildActionMask = 2147483647;
			files = (
				5A7C3E3121E1AA5700A49FE1 /* NotificationService.swift in Sources */,
			);
			runOnlyForDeploymentPostprocessing = 0;
		};
		5AFBF16F218D6AA000FD2190 /* Sources */ = {
			isa = PBXSourcesBuildPhase;
			buildActionMask = 2147483647;
			files = (
				5A88951521E2DD2B0015BEFD /* DateExtensions.swift in Sources */,
				5ABCCA2721E5E1010058A076 /* Feedback.swift in Sources */,
				5A61519B23C0928E00D5FE5C /* PushNotificationManager.swift in Sources */,
				5B5DFC7C234F06E500024A13 /* ApolloManager.swift in Sources */,
				5A7B2BE12196C24200D8FDC5 /* CustomTabBarController.swift in Sources */,
				5A61519E23C0A32600D5FE5C /* BaseViewController.swift in Sources */,
				5A02AC1423520AA900C3CC39 /* TimelineCellV2.swift in Sources */,
				D118B29B23C187C200C11A2D /* VenueViewModel.swift in Sources */,
				5B5DFC7A234F063D00024A13 /* ScheduleGraphqlViewController.swift in Sources */,
				5A1AAFBA235DEFDA0030239C /* DetailGraphqlViewController.swift in Sources */,
				5ABCCA2D21E623CF0058A076 /* UIImageViewExtensions.swift in Sources */,
				5A287DDB2333C6AD00F20101 /* API.swift in Sources */,
				5A7B2BE32196C9D100D8FDC5 /* NewsViewController.swift in Sources */,
				5A7B2BDD2196865000D8FDC5 /* FeedbackViewController.swift in Sources */,
				B57452C623C0E7C8004CD8C3 /* StyleSheet.swift in Sources */,
				5A41848A21CE73E5007E1905 /* FeedbackViewModel.swift in Sources */,
				5A7B2BE52196CA3000D8FDC5 /* AboutViewController.swift in Sources */,
				24C8AC9021EE306E00829307 /* Helpers.swift in Sources */,
				5A7C3E4521E1EC9700A49FE1 /* Talk.swift in Sources */,
				5A15A79521912C25006EA97E /* UIFontExtensions.swift in Sources */,
				D118B29923C1878F00C11A2D /* Venue.swift in Sources */,
				5A15A79321908C0E006EA97E /* UIViewExtensions.swift in Sources */,
				5A61519923C0924800D5FE5C /* AnalyticsManager.swift in Sources */,
				D1D5A32723BE27D50070E787 /* VenueViewController.swift in Sources */,
				5A7B2BDF2196B5B200D8FDC5 /* UIButtonExtensions.swift in Sources */,
				5AFBF177218D6AA100FD2190 /* AppDelegate.swift in Sources */,
				D118B29723C180AB00C11A2D /* VenueTableViewCell.swift in Sources */,
				5A651DD021EB467700098B66 /* CustomAlertViewController.swift in Sources */,
				5A9154132365BBE300A4AC04 /* WorkshopViewModel.swift in Sources */,
				5A74201323535DBC00895C4E /* ScheduleGraphQLViewModel.swift in Sources */,
				5ACB755521E89CFC00A21F97 /* WorkshopViewController.swift in Sources */,
				5A41848D21D110CA007E1905 /* WelcomeViewController.swift in Sources */,
			);
			runOnlyForDeploymentPostprocessing = 0;
		};
/* End PBXSourcesBuildPhase section */

/* Begin PBXTargetDependency section */
		5A7C3E3421E1AA5700A49FE1 /* PBXTargetDependency */ = {
			isa = PBXTargetDependency;
			target = 5A7C3E2D21E1AA5700A49FE1 /* iosconfsgNotificationServiceExtension */;
			targetProxy = 5A7C3E3321E1AA5700A49FE1 /* PBXContainerItemProxy */;
		};
/* End PBXTargetDependency section */

/* Begin PBXVariantGroup section */
		5AFBF17F218D6AA200FD2190 /* LaunchScreen.storyboard */ = {
			isa = PBXVariantGroup;
			children = (
				5AFBF180218D6AA200FD2190 /* Base */,
			);
			name = LaunchScreen.storyboard;
			sourceTree = "<group>";
		};
/* End PBXVariantGroup section */

/* Begin XCBuildConfiguration section */
		5A7C3E3621E1AA5700A49FE1 /* Debug */ = {
			isa = XCBuildConfiguration;
			baseConfigurationReference = DE9E30AFD0FC6339E6284F73 /* Pods-iosconfsgNotificationServiceExtension.debug.xcconfig */;
			buildSettings = {
				ALWAYS_EMBED_SWIFT_STANDARD_LIBRARIES = "$(inherited)";
				CODE_SIGN_ENTITLEMENTS = iosconfsgNotificationServiceExtension/iosconfsgNotificationServiceExtension.entitlements;
				CODE_SIGN_STYLE = Automatic;
				CURRENT_PROJECT_VERSION = 12;
				DEVELOPMENT_TEAM = X8ZFLUE894;
				INFOPLIST_FILE = iosconfsgNotificationServiceExtension/Info.plist;
				IPHONEOS_DEPLOYMENT_TARGET = 12.2;
				LD_RUNPATH_SEARCH_PATHS = (
					"$(inherited)",
					"@executable_path/Frameworks",
					"@executable_path/../../Frameworks",
				);
				MARKETING_VERSION = 1.5;
				PRODUCT_BUNDLE_IDENTIFIER = com.niveumlabs.iOSConfSG.iOSConfSG2019NotificationServiceExtension;
				PRODUCT_NAME = "$(TARGET_NAME)";
				SKIP_INSTALL = YES;
				SWIFT_VERSION = 5.0;
				TARGETED_DEVICE_FAMILY = "1,2";
			};
			name = Debug;
		};
		5A7C3E3721E1AA5700A49FE1 /* Release */ = {
			isa = XCBuildConfiguration;
			baseConfigurationReference = 7D04ACA7C1D48B4D9EA2501C /* Pods-iosconfsgNotificationServiceExtension.release.xcconfig */;
			buildSettings = {
				ALWAYS_EMBED_SWIFT_STANDARD_LIBRARIES = "$(inherited)";
				CODE_SIGN_ENTITLEMENTS = iosconfsgNotificationServiceExtension/iosconfsgNotificationServiceExtension.entitlements;
				CODE_SIGN_STYLE = Automatic;
				CURRENT_PROJECT_VERSION = 12;
				DEVELOPMENT_TEAM = X8ZFLUE894;
				INFOPLIST_FILE = iosconfsgNotificationServiceExtension/Info.plist;
				IPHONEOS_DEPLOYMENT_TARGET = 12.2;
				LD_RUNPATH_SEARCH_PATHS = (
					"$(inherited)",
					"@executable_path/Frameworks",
					"@executable_path/../../Frameworks",
				);
				MARKETING_VERSION = 1.5;
				PRODUCT_BUNDLE_IDENTIFIER = com.niveumlabs.iOSConfSG.iOSConfSG2019NotificationServiceExtension;
				PRODUCT_NAME = "$(TARGET_NAME)";
				SKIP_INSTALL = YES;
				SWIFT_VERSION = 5.0;
				TARGETED_DEVICE_FAMILY = "1,2";
			};
			name = Release;
		};
		5AFBF183218D6AA200FD2190 /* Debug */ = {
			isa = XCBuildConfiguration;
			buildSettings = {
				ALWAYS_EMBED_SWIFT_STANDARD_LIBRARIES = "$(inherited)";
				ALWAYS_SEARCH_USER_PATHS = NO;
				CLANG_ANALYZER_NONNULL = YES;
				CLANG_ANALYZER_NUMBER_OBJECT_CONVERSION = YES_AGGRESSIVE;
				CLANG_CXX_LANGUAGE_STANDARD = "gnu++14";
				CLANG_CXX_LIBRARY = "libc++";
				CLANG_ENABLE_MODULES = YES;
				CLANG_ENABLE_OBJC_ARC = YES;
				CLANG_ENABLE_OBJC_WEAK = YES;
				CLANG_WARN_BLOCK_CAPTURE_AUTORELEASING = YES;
				CLANG_WARN_BOOL_CONVERSION = YES;
				CLANG_WARN_COMMA = YES;
				CLANG_WARN_CONSTANT_CONVERSION = YES;
				CLANG_WARN_DEPRECATED_OBJC_IMPLEMENTATIONS = YES;
				CLANG_WARN_DIRECT_OBJC_ISA_USAGE = YES_ERROR;
				CLANG_WARN_DOCUMENTATION_COMMENTS = YES;
				CLANG_WARN_EMPTY_BODY = YES;
				CLANG_WARN_ENUM_CONVERSION = YES;
				CLANG_WARN_INFINITE_RECURSION = YES;
				CLANG_WARN_INT_CONVERSION = YES;
				CLANG_WARN_NON_LITERAL_NULL_CONVERSION = YES;
				CLANG_WARN_OBJC_IMPLICIT_RETAIN_SELF = YES;
				CLANG_WARN_OBJC_LITERAL_CONVERSION = YES;
				CLANG_WARN_OBJC_ROOT_CLASS = YES_ERROR;
				CLANG_WARN_RANGE_LOOP_ANALYSIS = YES;
				CLANG_WARN_STRICT_PROTOTYPES = YES;
				CLANG_WARN_SUSPICIOUS_MOVE = YES;
				CLANG_WARN_UNGUARDED_AVAILABILITY = YES_AGGRESSIVE;
				CLANG_WARN_UNREACHABLE_CODE = YES;
				CLANG_WARN__DUPLICATE_METHOD_MATCH = YES;
				CODE_SIGN_IDENTITY = "iPhone Developer";
				COPY_PHASE_STRIP = NO;
				DEBUG_INFORMATION_FORMAT = dwarf;
				ENABLE_STRICT_OBJC_MSGSEND = YES;
				ENABLE_TESTABILITY = YES;
				GCC_C_LANGUAGE_STANDARD = gnu11;
				GCC_DYNAMIC_NO_PIC = NO;
				GCC_NO_COMMON_BLOCKS = YES;
				GCC_OPTIMIZATION_LEVEL = 0;
				GCC_PREPROCESSOR_DEFINITIONS = (
					"DEBUG=1",
					"$(inherited)",
				);
				GCC_WARN_64_TO_32_BIT_CONVERSION = YES;
				GCC_WARN_ABOUT_RETURN_TYPE = YES_ERROR;
				GCC_WARN_UNDECLARED_SELECTOR = YES;
				GCC_WARN_UNINITIALIZED_AUTOS = YES_AGGRESSIVE;
				GCC_WARN_UNUSED_FUNCTION = YES;
				GCC_WARN_UNUSED_VARIABLE = YES;
				IPHONEOS_DEPLOYMENT_TARGET = 12.0;
				MTL_ENABLE_DEBUG_INFO = INCLUDE_SOURCE;
				MTL_FAST_MATH = YES;
				ONLY_ACTIVE_ARCH = YES;
				SDKROOT = iphoneos;
				SWIFT_ACTIVE_COMPILATION_CONDITIONS = DEBUG;
				SWIFT_OPTIMIZATION_LEVEL = "-Onone";
			};
			name = Debug;
		};
		5AFBF184218D6AA200FD2190 /* Release */ = {
			isa = XCBuildConfiguration;
			buildSettings = {
				ALWAYS_EMBED_SWIFT_STANDARD_LIBRARIES = "$(inherited)";
				ALWAYS_SEARCH_USER_PATHS = NO;
				CLANG_ANALYZER_NONNULL = YES;
				CLANG_ANALYZER_NUMBER_OBJECT_CONVERSION = YES_AGGRESSIVE;
				CLANG_CXX_LANGUAGE_STANDARD = "gnu++14";
				CLANG_CXX_LIBRARY = "libc++";
				CLANG_ENABLE_MODULES = YES;
				CLANG_ENABLE_OBJC_ARC = YES;
				CLANG_ENABLE_OBJC_WEAK = YES;
				CLANG_WARN_BLOCK_CAPTURE_AUTORELEASING = YES;
				CLANG_WARN_BOOL_CONVERSION = YES;
				CLANG_WARN_COMMA = YES;
				CLANG_WARN_CONSTANT_CONVERSION = YES;
				CLANG_WARN_DEPRECATED_OBJC_IMPLEMENTATIONS = YES;
				CLANG_WARN_DIRECT_OBJC_ISA_USAGE = YES_ERROR;
				CLANG_WARN_DOCUMENTATION_COMMENTS = YES;
				CLANG_WARN_EMPTY_BODY = YES;
				CLANG_WARN_ENUM_CONVERSION = YES;
				CLANG_WARN_INFINITE_RECURSION = YES;
				CLANG_WARN_INT_CONVERSION = YES;
				CLANG_WARN_NON_LITERAL_NULL_CONVERSION = YES;
				CLANG_WARN_OBJC_IMPLICIT_RETAIN_SELF = YES;
				CLANG_WARN_OBJC_LITERAL_CONVERSION = YES;
				CLANG_WARN_OBJC_ROOT_CLASS = YES_ERROR;
				CLANG_WARN_RANGE_LOOP_ANALYSIS = YES;
				CLANG_WARN_STRICT_PROTOTYPES = YES;
				CLANG_WARN_SUSPICIOUS_MOVE = YES;
				CLANG_WARN_UNGUARDED_AVAILABILITY = YES_AGGRESSIVE;
				CLANG_WARN_UNREACHABLE_CODE = YES;
				CLANG_WARN__DUPLICATE_METHOD_MATCH = YES;
				CODE_SIGN_IDENTITY = "iPhone Developer";
				COPY_PHASE_STRIP = NO;
				DEBUG_INFORMATION_FORMAT = "dwarf-with-dsym";
				ENABLE_NS_ASSERTIONS = NO;
				ENABLE_STRICT_OBJC_MSGSEND = YES;
				GCC_C_LANGUAGE_STANDARD = gnu11;
				GCC_NO_COMMON_BLOCKS = YES;
				GCC_WARN_64_TO_32_BIT_CONVERSION = YES;
				GCC_WARN_ABOUT_RETURN_TYPE = YES_ERROR;
				GCC_WARN_UNDECLARED_SELECTOR = YES;
				GCC_WARN_UNINITIALIZED_AUTOS = YES_AGGRESSIVE;
				GCC_WARN_UNUSED_FUNCTION = YES;
				GCC_WARN_UNUSED_VARIABLE = YES;
				IPHONEOS_DEPLOYMENT_TARGET = 12.0;
				MTL_ENABLE_DEBUG_INFO = NO;
				MTL_FAST_MATH = YES;
				SDKROOT = iphoneos;
				SWIFT_COMPILATION_MODE = wholemodule;
				SWIFT_OPTIMIZATION_LEVEL = "-O";
				VALIDATE_PRODUCT = YES;
			};
			name = Release;
		};
		5AFBF186218D6AA200FD2190 /* Debug */ = {
			isa = XCBuildConfiguration;
			baseConfigurationReference = C4D864E03AF46983527B718A /* Pods-iosconfsg2019.debug.xcconfig */;
			buildSettings = {
				ALWAYS_EMBED_SWIFT_STANDARD_LIBRARIES = "$(inherited)";
				ASSETCATALOG_COMPILER_APPICON_NAME = AppIcon;
				CODE_SIGN_ENTITLEMENTS = iosconfsg2019/iosconfsg2019.entitlements;
				CODE_SIGN_STYLE = Automatic;
				CURRENT_PROJECT_VERSION = 13;
				DEVELOPMENT_TEAM = X8ZFLUE894;
				INFOPLIST_FILE = iosconfsg2019/Info.plist;
				IPHONEOS_DEPLOYMENT_TARGET = 10.0;
				LD_RUNPATH_SEARCH_PATHS = (
					"$(inherited)",
					"@executable_path/Frameworks",
				);
				MARKETING_VERSION = 1.5;
				PRODUCT_BUNDLE_IDENTIFIER = com.niveumlabs.iOSConfSG;
				PRODUCT_NAME = "$(TARGET_NAME)";
				SWIFT_VERSION = 5.0;
				TARGETED_DEVICE_FAMILY = "1,2";
			};
			name = Debug;
		};
		5AFBF187218D6AA200FD2190 /* Release */ = {
			isa = XCBuildConfiguration;
			baseConfigurationReference = AACE8BB2373B58FD4B9CCD75 /* Pods-iosconfsg2019.release.xcconfig */;
			buildSettings = {
				ALWAYS_EMBED_SWIFT_STANDARD_LIBRARIES = "$(inherited)";
				ASSETCATALOG_COMPILER_APPICON_NAME = AppIcon;
				CODE_SIGN_ENTITLEMENTS = iosconfsg2019/iosconfsg2019.entitlements;
				CODE_SIGN_STYLE = Automatic;
				CURRENT_PROJECT_VERSION = 13;
				DEVELOPMENT_TEAM = X8ZFLUE894;
				INFOPLIST_FILE = iosconfsg2019/Info.plist;
				IPHONEOS_DEPLOYMENT_TARGET = 10.0;
				LD_RUNPATH_SEARCH_PATHS = (
					"$(inherited)",
					"@executable_path/Frameworks",
				);
				MARKETING_VERSION = 1.5;
				PRODUCT_BUNDLE_IDENTIFIER = com.niveumlabs.iOSConfSG;
				PRODUCT_NAME = "$(TARGET_NAME)";
				SWIFT_VERSION = 5.0;
				TARGETED_DEVICE_FAMILY = "1,2";
			};
			name = Release;
		};
/* End XCBuildConfiguration section */

/* Begin XCConfigurationList section */
		5A7C3E3821E1AA5700A49FE1 /* Build configuration list for PBXNativeTarget "iosconfsgNotificationServiceExtension" */ = {
			isa = XCConfigurationList;
			buildConfigurations = (
				5A7C3E3621E1AA5700A49FE1 /* Debug */,
				5A7C3E3721E1AA5700A49FE1 /* Release */,
			);
			defaultConfigurationIsVisible = 0;
			defaultConfigurationName = Release;
		};
		5AFBF16E218D6AA000FD2190 /* Build configuration list for PBXProject "iosconfsg2019" */ = {
			isa = XCConfigurationList;
			buildConfigurations = (
				5AFBF183218D6AA200FD2190 /* Debug */,
				5AFBF184218D6AA200FD2190 /* Release */,
			);
			defaultConfigurationIsVisible = 0;
			defaultConfigurationName = Release;
		};
		5AFBF185218D6AA200FD2190 /* Build configuration list for PBXNativeTarget "iosconfsg2019" */ = {
			isa = XCConfigurationList;
			buildConfigurations = (
				5AFBF186218D6AA200FD2190 /* Debug */,
				5AFBF187218D6AA200FD2190 /* Release */,
			);
			defaultConfigurationIsVisible = 0;
			defaultConfigurationName = Release;
		};
/* End XCConfigurationList section */
	};
	rootObject = 5AFBF16B218D6AA000FD2190 /* Project object */;
}
